
Microsoft Visual Studio Solution File, Format Version 12.00
# Visual Studio Version 17
VisualStudioVersion = 17.8.34511.84
MinimumVisualStudioVersion = 10.0.40219.1
Project("{FAE04EC0-301F-11D3-BF4B-00C04F79EFBC}") = "ONE_TO_MANY_EDIT_AJAX_PRACTICE_Task", "ONE_TO_MANY_EDIT_AJAX_PRACTICE_Task\ONE_TO_MANY_EDIT_AJAX_PRACTICE_Task.csproj", "{41123A3C-6DFB-44CC-96A1-216F4896C2D4}"
EndProject
Global
	GlobalSection(SolutionConfigurationPlatforms) = preSolution
		Debug|Any CPU = Debug|Any CPU
		Release|Any CPU = Release|Any CPU
	EndGlobalSection
	GlobalSection(ProjectConfigurationPlatforms) = postSolution
		{41123A3C-6DFB-44CC-96A1-216F4896C2D4}.Debug|Any CPU.ActiveCfg = Debug|Any CPU
		{41123A3C-6DFB-44CC-96A1-216F4896C2D4}.Debug|Any CPU.Build.0 = Debug|Any CPU
		{41123A3C-6DFB-44CC-96A1-216F4896C2D4}.Release|Any CPU.ActiveCfg = Release|Any CPU
		{41123A3C-6DFB-44CC-96A1-216F4896C2D4}.Release|Any CPU.Build.0 = Release|Any CPU
	EndGlobalSection
	GlobalSection(SolutionProperties) = preSolution
		HideSolutionNode = FALSE
	EndGlobalSection
	GlobalSection(ExtensibilityGlobals) = postSolution
		SolutionGuid = {69469FE6-5B9E-4895-A12B-252E44B6CCA5}
	EndGlobalSection
EndGlobal
